
Microsoft Visual Studio Solution File, Format Version 12.00
# Visual Studio Version 17
VisualStudioVersion = 17.10.34928.147
MinimumVisualStudioVersion = 10.0.40219.1
Project("{FAE04EC0-301F-11D3-BF4B-00C04F79EFBC}") = "HealthCheckSample", "HealthCheckSample\HealthCheckSample.csproj", "{936E7246-50DC-4AD2-B81B-0F3C3A044C15}"
EndProject
Global
	GlobalSection(SolutionConfigurationPlatforms) = preSolution
		Debug|Any CPU = Debug|Any CPU
		Release|Any CPU = Release|Any CPU
	EndGlobalSection
	GlobalSection(ProjectConfigurationPlatforms) = postSolution
		{936E7246-50DC-4AD2-B81B-0F3C3A044C15}.Debug|Any CPU.ActiveCfg = Debug|Any CPU
		{936E7246-50DC-4AD2-B81B-0F3C3A044C15}.Debug|Any CPU.Build.0 = Debug|Any CPU
		{936E7246-50DC-4AD2-B81B-0F3C3A044C15}.Release|Any CPU.ActiveCfg = Release|Any CPU
		{936E7246-50DC-4AD2-B81B-0F3C3A044C15}.Release|Any CPU.Build.0 = Release|Any CPU
	EndGlobalSection
	GlobalSection(SolutionProperties) = preSolution
		HideSolutionNode = FALSE
	EndGlobalSection
	GlobalSection(ExtensibilityGlobals) = postSolution
		SolutionGuid = {70A51C53-623C-482E-A28B-D93866489E77}
	EndGlobalSection
EndGlobal
